
Microsoft Visual Studio Solution File, Format Version 12.00
# Visual Studio Version 17
VisualStudioVersion = 17.11.35303.130
MinimumVisualStudioVersion = 10.0.40219.1
Project("{FAE04EC0-301F-11D3-BF4B-00C04F79EFBC}") = "tp1EVO", "tp1EVO\tp1EVO.csproj", "{5D704399-9E4C-4109-8444-AC3A4DA832A5}"
EndProject
Global
	GlobalSection(SolutionConfigurationPlatforms) = preSolution
		Debug|Any CPU = Debug|Any CPU
		Release|Any CPU = Release|Any CPU
	EndGlobalSection
	GlobalSection(ProjectConfigurationPlatforms) = postSolution
		{5D704399-9E4C-4109-8444-AC3A4DA832A5}.Debug|Any CPU.ActiveCfg = Debug|Any CPU
		{5D704399-9E4C-4109-8444-AC3A4DA832A5}.Debug|Any CPU.Build.0 = Debug|Any CPU
		{5D704399-9E4C-4109-8444-AC3A4DA832A5}.Release|Any CPU.ActiveCfg = Release|Any CPU
		{5D704399-9E4C-4109-8444-AC3A4DA832A5}.Release|Any CPU.Build.0 = Release|Any CPU
	EndGlobalSection
	GlobalSection(SolutionProperties) = preSolution
		HideSolutionNode = FALSE
	EndGlobalSection
	GlobalSection(ExtensibilityGlobals) = postSolution
		SolutionGuid = {A30CA78C-ACBB-4AB3-8C67-F8D460B9A591}
	EndGlobalSection
EndGlobal
